// !$*UTF8*$!
{
	archiveVersion = 1;
	classes = {
	};
	objectVersion = 51;
	objects = {

/* Begin PBXBuildFile section */
		826A6C7127B55DB600EDBF50 /* image-Extension.swift in Sources */ = {isa = PBXBuildFile; fileRef = 826A6C7027B55DB600EDBF50 /* image-Extension.swift */; };
		826A6C7327B5868D00EDBF50 /* DetailsViewController.swift in Sources */ = {isa = PBXBuildFile; fileRef = 826A6C7227B5868D00EDBF50 /* DetailsViewController.swift */; };
		8276863F27AFFEFF0053F67C /* AppDelegate.swift in Sources */ = {isa = PBXBuildFile; fileRef = 8276863E27AFFEFF0053F67C /* AppDelegate.swift */; };
		8276864127AFFEFF0053F67C /* ViewController.swift in Sources */ = {isa = PBXBuildFile; fileRef = 8276864027AFFEFF0053F67C /* ViewController.swift */; };
		8276864427AFFEFF0053F67C /* Main.storyboard in Resources */ = {isa = PBXBuildFile; fileRef = 8276864227AFFEFF0053F67C /* Main.storyboard */; };
		8276864627AFFF050053F67C /* Assets.xcassets in Resources */ = {isa = PBXBuildFile; fileRef = 8276864527AFFF050053F67C /* Assets.xcassets */; };
		8276864927AFFF050053F67C /* LaunchScreen.storyboard in Resources */ = {isa = PBXBuildFile; fileRef = 8276864727AFFF050053F67C /* LaunchScreen.storyboard */; };
		8276865427AFFF050053F67C /* testimageTests.swift in Sources */ = {isa = PBXBuildFile; fileRef = 8276865327AFFF050053F67C /* testimageTests.swift */; };
		8276865F27AFFF050053F67C /* testimageUITests.swift in Sources */ = {isa = PBXBuildFile; fileRef = 8276865E27AFFF050053F67C /* testimageUITests.swift */; };
		8276866D27B002340053F67C /* CollectionViewCell.swift in Sources */ = {isa = PBXBuildFile; fileRef = 8276866C27B002340053F67C /* CollectionViewCell.swift */; };
		8276867127B008180053F67C /* Model.swift in Sources */ = {isa = PBXBuildFile; fileRef = 8276867027B008180053F67C /* Model.swift */; };
		8276867327B400AA0053F67C /* NetworkingManager.swift in Sources */ = {isa = PBXBuildFile; fileRef = 8276867227B400AA0053F67C /* NetworkingManager.swift */; };
		8A36BD84F0F0EF5A23A3F7D6 /* Pods_testimage.framework in Frameworks */ = {isa = PBXBuildFile; fileRef = CC33F838DE67D40E39E6E250 /* Pods_testimage.framework */; };
/* End PBXBuildFile section */

/* Begin PBXContainerItemProxy section */
		8276865027AFFF050053F67C /* PBXContainerItemProxy */ = {
			isa = PBXContainerItemProxy;
			containerPortal = 8276863327AFFEFF0053F67C /* Project object */;
			proxyType = 1;
			remoteGlobalIDString = 8276863A27AFFEFF0053F67C;
			remoteInfo = testimage;
		};
		8276865B27AFFF050053F67C /* PBXContainerItemProxy */ = {
			isa = PBXContainerItemProxy;
			containerPortal = 8276863327AFFEFF0053F67C /* Project object */;
			proxyType = 1;
			remoteGlobalIDString = 8276863A27AFFEFF0053F67C;
			remoteInfo = testimage;
		};
/* End PBXContainerItemProxy section */

/* Begin PBXFileReference section */
		2F8EC184C6CAA3D2694F14D7 /* Pods-testimage.debug.xcconfig */ = {isa = PBXFileReference; includeInIndex = 1; lastKnownFileType = text.xcconfig; name = "Pods-testimage.debug.xcconfig"; path = "Target Support Files/Pods-testimage/Pods-testimage.debug.xcconfig"; sourceTree = "<group>"; };
		7BE3D428A753924348F46C28 /* Pods-testimage.release.xcconfig */ = {isa = PBXFileReference; includeInIndex = 1; lastKnownFileType = text.xcconfig; name = "Pods-testimage.release.xcconfig"; path = "Target Support Files/Pods-testimage/Pods-testimage.release.xcconfig"; sourceTree = "<group>"; };
		826A6C7027B55DB600EDBF50 /* image-Extension.swift */ = {isa = PBXFileReference; lastKnownFileType = sourcecode.swift; path = "image-Extension.swift"; sourceTree = "<group>"; };
		826A6C7227B5868D00EDBF50 /* DetailsViewController.swift */ = {isa = PBXFileReference; lastKnownFileType = sourcecode.swift; path = DetailsViewController.swift; sourceTree = "<group>"; };
		8276863B27AFFEFF0053F67C /* testimage.app */ = {isa = PBXFileReference; explicitFileType = wrapper.application; includeInIndex = 0; path = testimage.app; sourceTree = BUILT_PRODUCTS_DIR; };
		8276863E27AFFEFF0053F67C /* AppDelegate.swift */ = {isa = PBXFileReference; lastKnownFileType = sourcecode.swift; path = AppDelegate.swift; sourceTree = "<group>"; };
		8276864027AFFEFF0053F67C /* ViewController.swift */ = {isa = PBXFileReference; lastKnownFileType = sourcecode.swift; path = ViewController.swift; sourceTree = "<group>"; };
		8276864327AFFEFF0053F67C /* Base */ = {isa = PBXFileReference; lastKnownFileType = file.storyboard; name = Base; path = Base.lproj/Main.storyboard; sourceTree = "<group>"; };
		8276864527AFFF050053F67C /* Assets.xcassets */ = {isa = PBXFileReference; lastKnownFileType = folder.assetcatalog; path = Assets.xcassets; sourceTree = "<group>"; };
		8276864827AFFF050053F67C /* Base */ = {isa = PBXFileReference; lastKnownFileType = file.storyboard; name = Base; path = Base.lproj/LaunchScreen.storyboard; sourceTree = "<group>"; };
		8276864A27AFFF050053F67C /* Info.plist */ = {isa = PBXFileReference; lastKnownFileType = text.plist.xml; path = Info.plist; sourceTree = "<group>"; };
		8276864F27AFFF050053F67C /* testimageTests.xctest */ = {isa = PBXFileReference; explicitFileType = wrapper.cfbundle; includeInIndex = 0; path = testimageTests.xctest; sourceTree = BUILT_PRODUCTS_DIR; };
		8276865327AFFF050053F67C /* testimageTests.swift */ = {isa = PBXFileReference; lastKnownFileType = sourcecode.swift; path = testimageTests.swift; sourceTree = "<group>"; };
		8276865527AFFF050053F67C /* Info.plist */ = {isa = PBXFileReference; lastKnownFileType = text.plist.xml; path = Info.plist; sourceTree = "<group>"; };
		8276865A27AFFF050053F67C /* testimageUITests.xctest */ = {isa = PBXFileReference; explicitFileType = wrapper.cfbundle; includeInIndex = 0; path = testimageUITests.xctest; sourceTree = BUILT_PRODUCTS_DIR; };
		8276865E27AFFF050053F67C /* testimageUITests.swift */ = {isa = PBXFileReference; lastKnownFileType = sourcecode.swift; path = testimageUITests.swift; sourceTree = "<group>"; };
		8276866027AFFF050053F67C /* Info.plist */ = {isa = PBXFileReference; lastKnownFileType = text.plist.xml; path = Info.plist; sourceTree = "<group>"; };
		8276866C27B002340053F67C /* CollectionViewCell.swift */ = {isa = PBXFileReference; lastKnownFileType = sourcecode.swift; path = CollectionViewCell.swift; sourceTree = "<group>"; };
		8276867027B008180053F67C /* Model.swift */ = {isa = PBXFileReference; lastKnownFileType = sourcecode.swift; path = Model.swift; sourceTree = "<group>"; };
		8276867227B400AA0053F67C /* NetworkingManager.swift */ = {isa = PBXFileReference; lastKnownFileType = sourcecode.swift; path = NetworkingManager.swift; sourceTree = "<group>"; };
		CC33F838DE67D40E39E6E250 /* Pods_testimage.framework */ = {isa = PBXFileReference; explicitFileType = wrapper.framework; includeInIndex = 0; path = Pods_testimage.framework; sourceTree = BUILT_PRODUCTS_DIR; };
/* End PBXFileReference section */

/* Begin PBXFrameworksBuildPhase section */
		8276863827AFFEFF0053F67C /* Frameworks */ = {
			isa = PBXFrameworksBuildPhase;
			buildActionMask = 2147483647;
			files = (
				8A36BD84F0F0EF5A23A3F7D6 /* Pods_testimage.framework in Frameworks */,
			);
			runOnlyForDeploymentPostprocessing = 0;
		};
		8276864C27AFFF050053F67C /* Frameworks */ = {
			isa = PBXFrameworksBuildPhase;
			buildActionMask = 2147483647;
			files = (
			);
			runOnlyForDeploymentPostprocessing = 0;
		};
		8276865727AFFF050053F67C /* Frameworks */ = {
			isa = PBXFrameworksBuildPhase;
			buildActionMask = 2147483647;
			files = (
			);
			runOnlyForDeploymentPostprocessing = 0;
		};
/* End PBXFrameworksBuildPhase section */

/* Begin PBXGroup section */
		0ECCDB46D48E87A61AC2DE76 /* Pods */ = {
			isa = PBXGroup;
			children = (
				2F8EC184C6CAA3D2694F14D7 /* Pods-testimage.debug.xcconfig */,
				7BE3D428A753924348F46C28 /* Pods-testimage.release.xcconfig */,
			);
			path = Pods;
			sourceTree = "<group>";
		};
		6DB0704D0806346878152E3F /* Frameworks */ = {
			isa = PBXGroup;
			children = (
				CC33F838DE67D40E39E6E250 /* Pods_testimage.framework */,
			);
			name = Frameworks;
			sourceTree = "<group>";
		};
		826A6C6F27B55D9000EDBF50 /* Extensions */ = {
			isa = PBXGroup;
			children = (
				826A6C7027B55DB600EDBF50 /* image-Extension.swift */,
			);
			path = Extensions;
			sourceTree = "<group>";
		};
		826A6C7427B597DB00EDBF50 /* Cotroller */ = {
			isa = PBXGroup;
			children = (
				8276864027AFFEFF0053F67C /* ViewController.swift */,
				826A6C7227B5868D00EDBF50 /* DetailsViewController.swift */,
				8276866C27B002340053F67C /* CollectionViewCell.swift */,
			);
			path = Cotroller;
			sourceTree = "<group>";
		};
		826A6C7527B597EA00EDBF50 /* View */ = {
			isa = PBXGroup;
			children = (
				8276863E27AFFEFF0053F67C /* AppDelegate.swift */,
				8276864227AFFEFF0053F67C /* Main.storyboard */,
				8276864527AFFF050053F67C /* Assets.xcassets */,
			);
			path = View;
			sourceTree = "<group>";
		};
		826A6C7627B5982800EDBF50 /* Model */ = {
			isa = PBXGroup;
			children = (
				8276867027B008180053F67C /* Model.swift */,
				8276867227B400AA0053F67C /* NetworkingManager.swift */,
			);
			path = Model;
			sourceTree = "<group>";
		};
		8276863227AFFEFF0053F67C = {
			isa = PBXGroup;
			children = (
				8276863D27AFFEFF0053F67C /* testimage */,
				8276865227AFFF050053F67C /* testimageTests */,
				8276865D27AFFF050053F67C /* testimageUITests */,
				8276863C27AFFEFF0053F67C /* Products */,
				0ECCDB46D48E87A61AC2DE76 /* Pods */,
				6DB0704D0806346878152E3F /* Frameworks */,
			);
			sourceTree = "<group>";
		};
		8276863C27AFFEFF0053F67C /* Products */ = {
			isa = PBXGroup;
			children = (
				8276863B27AFFEFF0053F67C /* testimage.app */,
				8276864F27AFFF050053F67C /* testimageTests.xctest */,
				8276865A27AFFF050053F67C /* testimageUITests.xctest */,
			);
			name = Products;
			sourceTree = "<group>";
		};
		8276863D27AFFEFF0053F67C /* testimage */ = {
			isa = PBXGroup;
			children = (
				826A6C7627B5982800EDBF50 /* Model */,
				826A6C7527B597EA00EDBF50 /* View */,
				826A6C7427B597DB00EDBF50 /* Cotroller */,
				826A6C6F27B55D9000EDBF50 /* Extensions */,
				8276864727AFFF050053F67C /* LaunchScreen.storyboard */,
				8276864A27AFFF050053F67C /* Info.plist */,
			);
			path = testimage;
			sourceTree = "<group>";
		};
		8276865227AFFF050053F67C /* testimageTests */ = {
			isa = PBXGroup;
			children = (
				8276865327AFFF050053F67C /* testimageTests.swift */,
				8276865527AFFF050053F67C /* Info.plist */,
			);
			path = testimageTests;
			sourceTree = "<group>";
		};
		8276865D27AFFF050053F67C /* testimageUITests */ = {
			isa = PBXGroup;
			children = (
				8276865E27AFFF050053F67C /* testimageUITests.swift */,
				8276866027AFFF050053F67C /* Info.plist */,
			);
			path = testimageUITests;
			sourceTree = "<group>";
		};
/* End PBXGroup section */

/* Begin PBXNativeTarget section */
		8276863A27AFFEFF0053F67C /* testimage */ = {
			isa = PBXNativeTarget;
			buildConfigurationList = 8276866327AFFF050053F67C /* Build configuration list for PBXNativeTarget "testimage" */;
			buildPhases = (
				D328229E6F385FB1FC45BF6B /* [CP] Check Pods Manifest.lock */,
				8276863727AFFEFF0053F67C /* Sources */,
				8276863827AFFEFF0053F67C /* Frameworks */,
				8276863927AFFEFF0053F67C /* Resources */,
				FA7E34D7176AC01EF1F85833 /* [CP] Embed Pods Frameworks */,
			);
			buildRules = (
			);
			dependencies = (
			);
			name = testimage;
			productName = testimage;
			productReference = 8276863B27AFFEFF0053F67C /* testimage.app */;
			productType = "com.apple.product-type.application";
		};
		8276864E27AFFF050053F67C /* testimageTests */ = {
			isa = PBXNativeTarget;
			buildConfigurationList = 8276866627AFFF050053F67C /* Build configuration list for PBXNativeTarget "testimageTests" */;
			buildPhases = (
				8276864B27AFFF050053F67C /* Sources */,
				8276864C27AFFF050053F67C /* Frameworks */,
				8276864D27AFFF050053F67C /* Resources */,
			);
			buildRules = (
			);
			dependencies = (
				8276865127AFFF050053F67C /* PBXTargetDependency */,
			);
			name = testimageTests;
			productName = testimageTests;
			productReference = 8276864F27AFFF050053F67C /* testimageTests.xctest */;
			productType = "com.apple.product-type.bundle.unit-test";
		};
		8276865927AFFF050053F67C /* testimageUITests */ = {
			isa = PBXNativeTarget;
			buildConfigurationList = 8276866927AFFF050053F67C /* Build configuration list for PBXNativeTarget "testimageUITests" */;
			buildPhases = (
				8276865627AFFF050053F67C /* Sources */,
				8276865727AFFF050053F67C /* Frameworks */,
				8276865827AFFF050053F67C /* Resources */,
			);
			buildRules = (
			);
			dependencies = (
				8276865C27AFFF050053F67C /* PBXTargetDependency */,
			);
			name = testimageUITests;
			productName = testimageUITests;
			productReference = 8276865A27AFFF050053F67C /* testimageUITests.xctest */;
			productType = "com.apple.product-type.bundle.ui-testing";
		};
/* End PBXNativeTarget section */

/* Begin PBXProject section */
		8276863327AFFEFF0053F67C /* Project object */ = {
			isa = PBXProject;
			attributes = {
				LastSwiftUpdateCheck = 1030;
				LastUpgradeCheck = 1030;
				ORGANIZATIONNAME = "Ahmed Saeed";
				TargetAttributes = {
					8276863A27AFFEFF0053F67C = {
						CreatedOnToolsVersion = 10.3;
					};
					8276864E27AFFF050053F67C = {
						CreatedOnToolsVersion = 10.3;
						TestTargetID = 8276863A27AFFEFF0053F67C;
					};
					8276865927AFFF050053F67C = {
						CreatedOnToolsVersion = 10.3;
						TestTargetID = 8276863A27AFFEFF0053F67C;
					};
				};
			};
			buildConfigurationList = 8276863627AFFEFF0053F67C /* Build configuration list for PBXProject "testimage" */;
			compatibilityVersion = "Xcode 9.3";
			developmentRegion = en;
			hasScannedForEncodings = 0;
			knownRegions = (
				en,
				Base,
			);
			mainGroup = 8276863227AFFEFF0053F67C;
			productRefGroup = 8276863C27AFFEFF0053F67C /* Products */;
			projectDirPath = "";
			projectRoot = "";
			targets = (
				8276863A27AFFEFF0053F67C /* testimage */,
				8276864E27AFFF050053F67C /* testimageTests */,
				8276865927AFFF050053F67C /* testimageUITests */,
			);
		};
/* End PBXProject section */

/* Begin PBXResourcesBuildPhase section */
		8276863927AFFEFF0053F67C /* Resources */ = {
			isa = PBXResourcesBuildPhase;
			buildActionMask = 2147483647;
			files = (
				8276864927AFFF050053F67C /* LaunchScreen.storyboard in Resources */,
				8276864627AFFF050053F67C /* Assets.xcassets in Resources */,
				8276864427AFFEFF0053F67C /* Main.storyboard in Resources */,
			);
			runOnlyForDeploymentPostprocessing = 0;
		};
		8276864D27AFFF050053F67C /* Resources */ = {
			isa = PBXResourcesBuildPhase;
			buildActionMask = 2147483647;
			files = (
			);
			runOnlyForDeploymentPostprocessing = 0;
		};
		8276865827AFFF050053F67C /* Resources */ = {
			isa = PBXResourcesBuildPhase;
			buildActionMask = 2147483647;
			files = (
			);
			runOnlyForDeploymentPostprocessing = 0;
		};
/* End PBXResourcesBuildPhase section */

/* Begin PBXShellScriptBuildPhase section */
		D328229E6F385FB1FC45BF6B /* [CP] Check Pods Manifest.lock */ = {
			isa = PBXShellScriptBuildPhase;
			buildActionMask = 2147483647;
			files = (
			);
			inputFileListPaths = (
			);
			inputPaths = (
				"${PODS_PODFILE_DIR_PATH}/Podfile.lock",
				"${PODS_ROOT}/Manifest.lock",
			);
			name = "[CP] Check Pods Manifest.lock";
			outputFileListPaths = (
			);
			outputPaths = (
				"$(DERIVED_FILE_DIR)/Pods-testimage-checkManifestLockResult.txt",
			);
			runOnlyForDeploymentPostprocessing = 0;
			shellPath = /bin/sh;
			shellScript = "diff \"${PODS_PODFILE_DIR_PATH}/Podfile.lock\" \"${PODS_ROOT}/Manifest.lock\" > /dev/null\nif [ $? != 0 ] ; then\n    # print error to STDERR\n    echo \"error: The sandbox is not in sync with the Podfile.lock. Run 'pod install' or update your CocoaPods installation.\" >&2\n    exit 1\nfi\n# This output is used by Xcode 'outputs' to avoid re-running this script phase.\necho \"SUCCESS\" > \"${SCRIPT_OUTPUT_FILE_0}\"\n";
			showEnvVarsInLog = 0;
		};
		FA7E34D7176AC01EF1F85833 /* [CP] Embed Pods Frameworks */ = {
			isa = PBXShellScriptBuildPhase;
			buildActionMask = 2147483647;
			files = (
			);
			inputFileListPaths = (
				"${PODS_ROOT}/Target Support Files/Pods-testimage/Pods-testimage-frameworks-${CONFIGURATION}-input-files.xcfilelist",
			);
			name = "[CP] Embed Pods Frameworks";
			outputFileListPaths = (
				"${PODS_ROOT}/Target Support Files/Pods-testimage/Pods-testimage-frameworks-${CONFIGURATION}-output-files.xcfilelist",
			);
			runOnlyForDeploymentPostprocessing = 0;
			shellPath = /bin/sh;
			shellScript = "\"${PODS_ROOT}/Target Support Files/Pods-testimage/Pods-testimage-frameworks.sh\"\n";
			showEnvVarsInLog = 0;
		};
/* End PBXShellScriptBuildPhase section */

/* Begin PBXSourcesBuildPhase section */
		8276863727AFFEFF0053F67C /* Sources */ = {
			isa = PBXSourcesBuildPhase;
			buildActionMask = 2147483647;
			files = (
				8276867127B008180053F67C /* Model.swift in Sources */,
				8276864127AFFEFF0053F67C /* ViewController.swift in Sources */,
				8276863F27AFFEFF0053F67C /* AppDelegate.swift in Sources */,
				8276867327B400AA0053F67C /* NetworkingManager.swift in Sources */,
				826A6C7327B5868D00EDBF50 /* DetailsViewController.swift in Sources */,
				8276866D27B002340053F67C /* CollectionViewCell.swift in Sources */,
				826A6C7127B55DB600EDBF50 /* image-Extension.swift in Sources */,
			);
			runOnlyForDeploymentPostprocessing = 0;
		};
		8276864B27AFFF050053F67C /* Sources */ = {
			isa = PBXSourcesBuildPhase;
			buildActionMask = 2147483647;
			files = (
				8276865427AFFF050053F67C /* testimageTests.swift in Sources */,
			);
			runOnlyForDeploymentPostprocessing = 0;
		};
		8276865627AFFF050053F67C /* Sources */ = {
			isa = PBXSourcesBuildPhase;
			buildActionMask = 2147483647;
			files = (
				8276865F27AFFF050053F67C /* testimageUITests.swift in Sources */,
			);
			runOnlyForDeploymentPostprocessing = 0;
		};
/* End PBXSourcesBuildPhase section */

/* Begin PBXTargetDependency section */
		8276865127AFFF050053F67C /* PBXTargetDependency */ = {
			isa = PBXTargetDependency;
			target = 8276863A27AFFEFF0053F67C /* testimage */;
			targetProxy = 8276865027AFFF050053F67C /* PBXContainerItemProxy */;
		};
		8276865C27AFFF050053F67C /* PBXTargetDependency */ = {
			isa = PBXTargetDependency;
			target = 8276863A27AFFEFF0053F67C /* testimage */;
			targetProxy = 8276865B27AFFF050053F67C /* PBXContainerItemProxy */;
		};
/* End PBXTargetDependency section */

/* Begin PBXVariantGroup section */
		8276864227AFFEFF0053F67C /* Main.storyboard */ = {
			isa = PBXVariantGroup;
			children = (
				8276864327AFFEFF0053F67C /* Base */,
			);
			name = Main.storyboard;
			sourceTree = "<group>";
		};
		8276864727AFFF050053F67C /* LaunchScreen.storyboard */ = {
			isa = PBXVariantGroup;
			children = (
				8276864827AFFF050053F67C /* Base */,
			);
			name = LaunchScreen.storyboard;
			sourceTree = "<group>";
		};
/* End PBXVariantGroup section */

/* Begin XCBuildConfiguration section */
		8276866127AFFF050053F67C /* Debug */ = {
			isa = XCBuildConfiguration;
			buildSettings = {
				ALWAYS_SEARCH_USER_PATHS = NO;
				CLANG_ANALYZER_NONNULL = YES;
				CLANG_ANALYZER_NUMBER_OBJECT_CONVERSION = YES_AGGRESSIVE;
				CLANG_CXX_LANGUAGE_STANDARD = "gnu++14";
				CLANG_CXX_LIBRARY = "libc++";
				CLANG_ENABLE_MODULES = YES;
				CLANG_ENABLE_OBJC_ARC = YES;
				CLANG_ENABLE_OBJC_WEAK = YES;
				CLANG_WARN_BLOCK_CAPTURE_AUTORELEASING = YES;
				CLANG_WARN_BOOL_CONVERSION = YES;
				CLANG_WARN_COMMA = YES;
				CLANG_WARN_CONSTANT_CONVERSION = YES;
				CLANG_WARN_DEPRECATED_OBJC_IMPLEMENTATIONS = YES;
				CLANG_WARN_DIRECT_OBJC_ISA_USAGE = YES_ERROR;
				CLANG_WARN_DOCUMENTATION_COMMENTS = YES;
				CLANG_WARN_EMPTY_BODY = YES;
				CLANG_WARN_ENUM_CONVERSION = YES;
				CLANG_WARN_INFINITE_RECURSION = YES;
				CLANG_WARN_INT_CONVERSION = YES;
				CLANG_WARN_NON_LITERAL_NULL_CONVERSION = YES;
				CLANG_WARN_OBJC_IMPLICIT_RETAIN_SELF = YES;
				CLANG_WARN_OBJC_LITERAL_CONVERSION = YES;
				CLANG_WARN_OBJC_ROOT_CLASS = YES_ERROR;
				CLANG_WARN_RANGE_LOOP_ANALYSIS = YES;
				CLANG_WARN_STRICT_PROTOTYPES = YES;
				CLANG_WARN_SUSPICIOUS_MOVE = YES;
				CLANG_WARN_UNGUARDED_AVAILABILITY = YES_AGGRESSIVE;
				CLANG_WARN_UNREACHABLE_CODE = YES;
				CLANG_WARN__DUPLICATE_METHOD_MATCH = YES;
				CODE_SIGN_IDENTITY = "iPhone Developer";
				COPY_PHASE_STRIP = NO;
				DEBUG_INFORMATION_FORMAT = dwarf;
				ENABLE_STRICT_OBJC_MSGSEND = YES;
				ENABLE_TESTABILITY = YES;
				GCC_C_LANGUAGE_STANDARD = gnu11;
				GCC_DYNAMIC_NO_PIC = NO;
				GCC_NO_COMMON_BLOCKS = YES;
				GCC_OPTIMIZATION_LEVEL = 0;
				GCC_PREPROCESSOR_DEFINITIONS = (
					"DEBUG=1",
					"$(inherited)",
				);
				GCC_WARN_64_TO_32_BIT_CONVERSION = YES;
				GCC_WARN_ABOUT_RETURN_TYPE = YES_ERROR;
				GCC_WARN_UNDECLARED_SELECTOR = YES;
				GCC_WARN_UNINITIALIZED_AUTOS = YES_AGGRESSIVE;
				GCC_WARN_UNUSED_FUNCTION = YES;
				GCC_WARN_UNUSED_VARIABLE = YES;
				IPHONEOS_DEPLOYMENT_TARGET = 12.4;
				MTL_ENABLE_DEBUG_INFO = INCLUDE_SOURCE;
				MTL_FAST_MATH = YES;
				ONLY_ACTIVE_ARCH = YES;
				SDKROOT = iphoneos;
				SWIFT_ACTIVE_COMPILATION_CONDITIONS = DEBUG;
				SWIFT_OPTIMIZATION_LEVEL = "-Onone";
			};
			name = Debug;
		};
		8276866227AFFF050053F67C /* Release */ = {
			isa = XCBuildConfiguration;
			buildSettings = {
				ALWAYS_SEARCH_USER_PATHS = NO;
				CLANG_ANALYZER_NONNULL = YES;
				CLANG_ANALYZER_NUMBER_OBJECT_CONVERSION = YES_AGGRESSIVE;
				CLANG_CXX_LANGUAGE_STANDARD = "gnu++14";
				CLANG_CXX_LIBRARY = "libc++";
				CLANG_ENABLE_MODULES = YES;
				CLANG_ENABLE_OBJC_ARC = YES;
				CLANG_ENABLE_OBJC_WEAK = YES;
				CLANG_WARN_BLOCK_CAPTURE_AUTORELEASING = YES;
				CLANG_WARN_BOOL_CONVERSION = YES;
				CLANG_WARN_COMMA = YES;
				CLANG_WARN_CONSTANT_CONVERSION = YES;
				CLANG_WARN_DEPRECATED_OBJC_IMPLEMENTATIONS = YES;
				CLANG_WARN_DIRECT_OBJC_ISA_USAGE = YES_ERROR;
				CLANG_WARN_DOCUMENTATION_COMMENTS = YES;
				CLANG_WARN_EMPTY_BODY = YES;
				CLANG_WARN_ENUM_CONVERSION = YES;
				CLANG_WARN_INFINITE_RECURSION = YES;
				CLANG_WARN_INT_CONVERSION = YES;
				CLANG_WARN_NON_LITERAL_NULL_CONVERSION = YES;
				CLANG_WARN_OBJC_IMPLICIT_RETAIN_SELF = YES;
				CLANG_WARN_OBJC_LITERAL_CONVERSION = YES;
				CLANG_WARN_OBJC_ROOT_CLASS = YES_ERROR;
				CLANG_WARN_RANGE_LOOP_ANALYSIS = YES;
				CLANG_WARN_STRICT_PROTOTYPES = YES;
				CLANG_WARN_SUSPICIOUS_MOVE = YES;
				CLANG_WARN_UNGUARDED_AVAILABILITY = YES_AGGRESSIVE;
				CLANG_WARN_UNREACHABLE_CODE = YES;
				CLANG_WARN__DUPLICATE_METHOD_MATCH = YES;
				CODE_SIGN_IDENTITY = "iPhone Developer";
				COPY_PHASE_STRIP = NO;
				DEBUG_INFORMATION_FORMAT = "dwarf-with-dsym";
				ENABLE_NS_ASSERTIONS = NO;
				ENABLE_STRICT_OBJC_MSGSEND = YES;
				GCC_C_LANGUAGE_STANDARD = gnu11;
				GCC_NO_COMMON_BLOCKS = YES;
				GCC_WARN_64_TO_32_BIT_CONVERSION = YES;
				GCC_WARN_ABOUT_RETURN_TYPE = YES_ERROR;
				GCC_WARN_UNDECLARED_SELECTOR = YES;
				GCC_WARN_UNINITIALIZED_AUTOS = YES_AGGRESSIVE;
				GCC_WARN_UNUSED_FUNCTION = YES;
				GCC_WARN_UNUSED_VARIABLE = YES;
				IPHONEOS_DEPLOYMENT_TARGET = 12.4;
				MTL_ENABLE_DEBUG_INFO = NO;
				MTL_FAST_MATH = YES;
				SDKROOT = iphoneos;
				SWIFT_COMPILATION_MODE = wholemodule;
				SWIFT_OPTIMIZATION_LEVEL = "-O";
				VALIDATE_PRODUCT = YES;
			};
			name = Release;
		};
		8276866427AFFF050053F67C /* Debug */ = {
			isa = XCBuildConfiguration;
			baseConfigurationReference = 2F8EC184C6CAA3D2694F14D7 /* Pods-testimage.debug.xcconfig */;
			buildSettings = {
				ASSETCATALOG_COMPILER_APPICON_NAME = AppIcon;
				CODE_SIGN_STYLE = Automatic;
				DEVELOPMENT_TEAM = J85LNFX6Z8;
				INFOPLIST_FILE = testimage/Info.plist;
				LD_RUNPATH_SEARCH_PATHS = (
					"$(inherited)",
					"@executable_path/Frameworks",
				);
				PRODUCT_BUNDLE_IDENTIFIER = Ahmed.testimage;
				PRODUCT_NAME = "$(TARGET_NAME)";
				SWIFT_VERSION = 5.0;
				TARGETED_DEVICE_FAMILY = "1,2";
			};
			name = Debug;
		};
		8276866527AFFF050053F67C /* Release */ = {
			isa = XCBuildConfiguration;
			baseConfigurationReference = 7BE3D428A753924348F46C28 /* Pods-testimage.release.xcconfig */;
			buildSettings = {
				ASSETCATALOG_COMPILER_APPICON_NAME = AppIcon;
				CODE_SIGN_STYLE = Automatic;
				DEVELOPMENT_TEAM = J85LNFX6Z8;
				INFOPLIST_FILE = testimage/Info.plist;
				LD_RUNPATH_SEARCH_PATHS = (
					"$(inherited)",
					"@executable_path/Frameworks",
				);
				PRODUCT_BUNDLE_IDENTIFIER = Ahmed.testimage;
				PRODUCT_NAME = "$(TARGET_NAME)";
				SWIFT_VERSION = 5.0;
				TARGETED_DEVICE_FAMILY = "1,2";
			};
			name = Release;
		};
		8276866727AFFF050053F67C /* Debug */ = {
			isa = XCBuildConfiguration;
			buildSettings = {
				ALWAYS_EMBED_SWIFT_STANDARD_LIBRARIES = YES;
				BUNDLE_LOADER = "$(TEST_HOST)";
				CODE_SIGN_STYLE = Automatic;
				DEVELOPMENT_TEAM = J85LNFX6Z8;
				INFOPLIST_FILE = testimageTests/Info.plist;
				LD_RUNPATH_SEARCH_PATHS = (
					"$(inherited)",
					"@executable_path/Frameworks",
					"@loader_path/Frameworks",
				);
				PRODUCT_BUNDLE_IDENTIFIER = Ahmed.testimageTests;
				PRODUCT_NAME = "$(TARGET_NAME)";
				SWIFT_VERSION = 5.0;
				TARGETED_DEVICE_FAMILY = "1,2";
				TEST_HOST = "$(BUILT_PRODUCTS_DIR)/testimage.app/testimage";
			};
			name = Debug;
		};
		8276866827AFFF050053F67C /* Release */ = {
			isa = XCBuildConfiguration;
			buildSettings = {
				ALWAYS_EMBED_SWIFT_STANDARD_LIBRARIES = YES;
				BUNDLE_LOADER = "$(TEST_HOST)";
				CODE_SIGN_STYLE = Automatic;
				DEVELOPMENT_TEAM = J85LNFX6Z8;
				INFOPLIST_FILE = testimageTests/Info.plist;
				LD_RUNPATH_SEARCH_PATHS = (
					"$(inherited)",
					"@executable_path/Frameworks",
					"@loader_path/Frameworks",
				);
				PRODUCT_BUNDLE_IDENTIFIER = Ahmed.testimageTests;
				PRODUCT_NAME = "$(TARGET_NAME)";
				SWIFT_VERSION = 5.0;
				TARGETED_DEVICE_FAMILY = "1,2";
				TEST_HOST = "$(BUILT_PRODUCTS_DIR)/testimage.app/testimage";
			};
			name = Release;
		};
		8276866A27AFFF050053F67C /* Debug */ = {
			isa = XCBuildConfiguration;
			buildSettings = {
				ALWAYS_EMBED_SWIFT_STANDARD_LIBRARIES = YES;
				CODE_SIGN_STYLE = Automatic;
				DEVELOPMENT_TEAM = J85LNFX6Z8;
				INFOPLIST_FILE = testimageUITests/Info.plist;
				LD_RUNPATH_SEARCH_PATHS = (
					"$(inherited)",
					"@executable_path/Frameworks",
					"@loader_path/Frameworks",
				);
				PRODUCT_BUNDLE_IDENTIFIER = Ahmed.testimageUITests;
				PRODUCT_NAME = "$(TARGET_NAME)";
				SWIFT_VERSION = 5.0;
				TARGETED_DEVICE_FAMILY = "1,2";
				TEST_TARGET_NAME = testimage;
			};
			name = Debug;
		};
		8276866B27AFFF050053F67C /* Release */ = {
			isa = XCBuildConfiguration;
			buildSettings = {
				ALWAYS_EMBED_SWIFT_STANDARD_LIBRARIES = YES;
				CODE_SIGN_STYLE = Automatic;
				DEVELOPMENT_TEAM = J85LNFX6Z8;
				INFOPLIST_FILE = testimageUITests/Info.plist;
				LD_RUNPATH_SEARCH_PATHS = (
					"$(inherited)",
					"@executable_path/Frameworks",
					"@loader_path/Frameworks",
				);
				PRODUCT_BUNDLE_IDENTIFIER = Ahmed.testimageUITests;
				PRODUCT_NAME = "$(TARGET_NAME)";
				SWIFT_VERSION = 5.0;
				TARGETED_DEVICE_FAMILY = "1,2";
				TEST_TARGET_NAME = testimage;
			};
			name = Release;
		};
/* End XCBuildConfiguration section */

/* Begin XCConfigurationList section */
		8276863627AFFEFF0053F67C /* Build configuration list for PBXProject "testimage" */ = {
			isa = XCConfigurationList;
			buildConfigurations = (
				8276866127AFFF050053F67C /* Debug */,
				8276866227AFFF050053F67C /* Release */,
			);
			defaultConfigurationIsVisible = 0;
			defaultConfigurationName = Release;
		};
		8276866327AFFF050053F67C /* Build configuration list for PBXNativeTarget "testimage" */ = {
			isa = XCConfigurationList;
			buildConfigurations = (
				8276866427AFFF050053F67C /* Debug */,
				8276866527AFFF050053F67C /* Release */,
			);
			defaultConfigurationIsVisible = 0;
			defaultConfigurationName = Release;
		};
		8276866627AFFF050053F67C /* Build configuration list for PBXNativeTarget "testimageTests" */ = {
			isa = XCConfigurationList;
			buildConfigurations = (
				8276866727AFFF050053F67C /* Debug */,
				8276866827AFFF050053F67C /* Release */,
			);
			defaultConfigurationIsVisible = 0;
			defaultConfigurationName = Release;
		};
		8276866927AFFF050053F67C /* Build configuration list for PBXNativeTarget "testimageUITests" */ = {
			isa = XCConfigurationList;
			buildConfigurations = (
				8276866A27AFFF050053F67C /* Debug */,
				8276866B27AFFF050053F67C /* Release */,
			);
			defaultConfigurationIsVisible = 0;
			defaultConfigurationName = Release;
		};
/* End XCConfigurationList section */
	};
	rootObject = 8276863327AFFEFF0053F67C /* Project object */;
}
